
Microsoft Visual Studio Solution File, Format Version 12.00
# Visual Studio 15
VisualStudioVersion = 15.0.27130.2010
MinimumVisualStudioVersion = 10.0.40219.1
Project("{FAE04EC0-301F-11D3-BF4B-00C04F79EFBC}") = "ConsoleDrawing", "ConsoleDrawing\ConsoleDrawing.csproj", "{B858B1EC-8613-433A-BAFB-CBE1AC38F904}"
EndProject
Project("{FAE04EC0-301F-11D3-BF4B-00C04F79EFBC}") = "ConsoleDrawingTest", "ConsoleDrawingTest\ConsoleDrawingTest.csproj", "{0D975973-3770-491A-B13B-8AA704103E29}"
EndProject
Global
	GlobalSection(SolutionConfigurationPlatforms) = preSolution
		Debug|Any CPU = Debug|Any CPU
		Release|Any CPU = Release|Any CPU
	EndGlobalSection
	GlobalSection(ProjectConfigurationPlatforms) = postSolution
		{B858B1EC-8613-433A-BAFB-CBE1AC38F904}.Debug|Any CPU.ActiveCfg = Debug|Any CPU
		{B858B1EC-8613-433A-BAFB-CBE1AC38F904}.Debug|Any CPU.Build.0 = Debug|Any CPU
		{B858B1EC-8613-433A-BAFB-CBE1AC38F904}.Release|Any CPU.ActiveCfg = Release|Any CPU
		{B858B1EC-8613-433A-BAFB-CBE1AC38F904}.Release|Any CPU.Build.0 = Release|Any CPU
		{0D975973-3770-491A-B13B-8AA704103E29}.Debug|Any CPU.ActiveCfg = Debug|Any CPU
		{0D975973-3770-491A-B13B-8AA704103E29}.Debug|Any CPU.Build.0 = Debug|Any CPU
		{0D975973-3770-491A-B13B-8AA704103E29}.Release|Any CPU.ActiveCfg = Release|Any CPU
		{0D975973-3770-491A-B13B-8AA704103E29}.Release|Any CPU.Build.0 = Release|Any CPU
	EndGlobalSection
	GlobalSection(SolutionProperties) = preSolution
		HideSolutionNode = FALSE
	EndGlobalSection
	GlobalSection(ExtensibilityGlobals) = postSolution
		SolutionGuid = {DF1C6EFA-D2AA-4C0A-B213-F1E7CD0CF698}
	EndGlobalSection
EndGlobal
